
Microsoft Visual Studio Solution File, Format Version 12.00
# Visual Studio Version 17
VisualStudioVersion = 17.0.31912.275
MinimumVisualStudioVersion = 10.0.40219.1
Project("{FAE04EC0-301F-11D3-BF4B-00C04F79EFBC}") = "EntityFrameWorkCrudApp", "EntityFrameWorkCrudApp\EntityFrameWorkCrudApp.csproj", "{D91F1B68-F398-4194-A0B0-2A37D6B2A4AC}"
EndProject
Global
	GlobalSection(SolutionConfigurationPlatforms) = preSolution
		Debug|Any CPU = Debug|Any CPU
		Release|Any CPU = Release|Any CPU
	EndGlobalSection
	GlobalSection(ProjectConfigurationPlatforms) = postSolution
		{D91F1B68-F398-4194-A0B0-2A37D6B2A4AC}.Debug|Any CPU.ActiveCfg = Debug|Any CPU
		{D91F1B68-F398-4194-A0B0-2A37D6B2A4AC}.Debug|Any CPU.Build.0 = Debug|Any CPU
		{D91F1B68-F398-4194-A0B0-2A37D6B2A4AC}.Release|Any CPU.ActiveCfg = Release|Any CPU
		{D91F1B68-F398-4194-A0B0-2A37D6B2A4AC}.Release|Any CPU.Build.0 = Release|Any CPU
	EndGlobalSection
	GlobalSection(SolutionProperties) = preSolution
		HideSolutionNode = FALSE
	EndGlobalSection
	GlobalSection(ExtensibilityGlobals) = postSolution
		SolutionGuid = {C3DD1934-00EC-485C-8249-C708D9A61658}
	EndGlobalSection
EndGlobal
