
Microsoft Visual Studio Solution File, Format Version 12.00
# Visual Studio Version 17
VisualStudioVersion = 17.0.31912.275
MinimumVisualStudioVersion = 10.0.40219.1
Project("{FAE04EC0-301F-11D3-BF4B-00C04F79EFBC}") = "MvcDemoApplication", "MvcDemoApplication\MvcDemoApplication.csproj", "{DA40D65D-84EE-4B79-B651-677A61DC4BCD}"
EndProject
Global
	GlobalSection(SolutionConfigurationPlatforms) = preSolution
		Debug|Any CPU = Debug|Any CPU
		Release|Any CPU = Release|Any CPU
	EndGlobalSection
	GlobalSection(ProjectConfigurationPlatforms) = postSolution
		{DA40D65D-84EE-4B79-B651-677A61DC4BCD}.Debug|Any CPU.ActiveCfg = Debug|Any CPU
		{DA40D65D-84EE-4B79-B651-677A61DC4BCD}.Debug|Any CPU.Build.0 = Debug|Any CPU
		{DA40D65D-84EE-4B79-B651-677A61DC4BCD}.Release|Any CPU.ActiveCfg = Release|Any CPU
		{DA40D65D-84EE-4B79-B651-677A61DC4BCD}.Release|Any CPU.Build.0 = Release|Any CPU
	EndGlobalSection
	GlobalSection(SolutionProperties) = preSolution
		HideSolutionNode = FALSE
	EndGlobalSection
	GlobalSection(ExtensibilityGlobals) = postSolution
		SolutionGuid = {6B276365-2DA4-4164-A450-909A8BB2D5FE}
	EndGlobalSection
EndGlobal
